
Microsoft Visual Studio Solution File, Format Version 11.00
# Visual Studio 2010
Project("{FAE04EC0-301F-11D3-BF4B-00C04F79EFBC}") = "FlappyBirdGame", "WindowsFormsApplication1\FlappyBirdGame.csproj", "{C8ACD799-03E0-45D1-8D4D-91504817C2BA}"
EndProject
Global
	GlobalSection(SolutionConfigurationPlatforms) = preSolution
		Debug|x86 = Debug|x86
		Release|x86 = Release|x86
	EndGlobalSection
	GlobalSection(ProjectConfigurationPlatforms) = postSolution
		{C8ACD799-03E0-45D1-8D4D-91504817C2BA}.Debug|x86.ActiveCfg = Debug|x86
		{C8ACD799-03E0-45D1-8D4D-91504817C2BA}.Debug|x86.Build.0 = Debug|x86
		{C8ACD799-03E0-45D1-8D4D-91504817C2BA}.Release|x86.ActiveCfg = Release|x86
		{C8ACD799-03E0-45D1-8D4D-91504817C2BA}.Release|x86.Build.0 = Release|x86
	EndGlobalSection
	GlobalSection(SolutionProperties) = preSolution
		HideSolutionNode = FALSE
	EndGlobalSection
EndGlobal
